// !$*UTF8*$!
{
	archiveVersion = 1;
	classes = {
	};
	objectVersion = 45;
	objects = {

/* Begin PBXBuildFile section */
		1DDD58160DA1D0A300B32029 /* MainMenu.xib in Resources */ = {isa = PBXBuildFile; fileRef = 1DDD58140DA1D0A300B32029 /* MainMenu.xib */; };
		7F5E49FA1002C1A30049E0F5 /* NSDictionary+Networks.m in Sources */ = {isa = PBXBuildFile; fileRef = 7F5E49F91002C1A30049E0F5 /* NSDictionary+Networks.m */; };
		7FE5F9380FFD421700879CC4 /* LoginItemsAE.c in Sources */ = {isa = PBXBuildFile; fileRef = 7FE5F9350FFD421700879CC4 /* LoginItemsAE.c */; };
		7FF293010FFC29DD000A1604 /* AppController.m in Sources */ = {isa = PBXBuildFile; fileRef = 7FF293000FFC29DD000A1604 /* AppController.m */; };
		7FF293030FFC29F1000A1604 /* notes.txt in Resources */ = {isa = PBXBuildFile; fileRef = 7FF293020FFC29F1000A1604 /* notes.txt */; };
		7FF293050FFC29FC000A1604 /* menuicon.tif in Resources */ = {isa = PBXBuildFile; fileRef = 7FF293040FFC29FC000A1604 /* menuicon.tif */; };
		7FF293070FFC2A04000A1604 /* opendns.icns in Resources */ = {isa = PBXBuildFile; fileRef = 7FF293060FFC2A04000A1604 /* opendns.icns */; };
		7FF293160FFC2A15000A1604 /* NSObject+SBJSON.m in Sources */ = {isa = PBXBuildFile; fileRef = 7FF2930B0FFC2A15000A1604 /* NSObject+SBJSON.m */; };
		7FF293170FFC2A15000A1604 /* NSString+SBJSON.m in Sources */ = {isa = PBXBuildFile; fileRef = 7FF2930D0FFC2A15000A1604 /* NSString+SBJSON.m */; };
		7FF293180FFC2A15000A1604 /* SBJSON.m in Sources */ = {isa = PBXBuildFile; fileRef = 7FF2930F0FFC2A15000A1604 /* SBJSON.m */; };
		7FF293190FFC2A15000A1604 /* SBJsonBase.m in Sources */ = {isa = PBXBuildFile; fileRef = 7FF293110FFC2A15000A1604 /* SBJsonBase.m */; };
		7FF2931A0FFC2A15000A1604 /* SBJsonParser.m in Sources */ = {isa = PBXBuildFile; fileRef = 7FF293130FFC2A15000A1604 /* SBJsonParser.m */; };
		7FF2931B0FFC2A15000A1604 /* SBJsonWriter.m in Sources */ = {isa = PBXBuildFile; fileRef = 7FF293150FFC2A15000A1604 /* SBJsonWriter.m */; };
		7FF293230FFC2A20000A1604 /* GDataHTTPFetcher.m in Sources */ = {isa = PBXBuildFile; fileRef = 7FF293200FFC2A20000A1604 /* GDataHTTPFetcher.m */; };
		7FF293240FFC2A20000A1604 /* GDataHTTPFetcherLogging.m in Sources */ = {isa = PBXBuildFile; fileRef = 7FF293220FFC2A20000A1604 /* GDataHTTPFetcherLogging.m */; };
		7FF293330FFC2AC2000A1604 /* Sparkle.framework in Frameworks */ = {isa = PBXBuildFile; fileRef = 7FF293320FFC2AC2000A1604 /* Sparkle.framework */; };
		7FF293400FFC2AF5000A1604 /* Sparkle.framework in CopyFiles */ = {isa = PBXBuildFile; fileRef = 7FF293320FFC2AC2000A1604 /* Sparkle.framework */; };
		8D11072B0486CEB800E47090 /* InfoPlist.strings in Resources */ = {isa = PBXBuildFile; fileRef = 089C165CFE840E0CC02AAC07 /* InfoPlist.strings */; };
		8D11072D0486CEB800E47090 /* main.m in Sources */ = {isa = PBXBuildFile; fileRef = 29B97316FDCFA39411CA2CEA /* main.m */; settings = {ATTRIBUTES = (); }; };
		8D11072F0486CEB800E47090 /* Cocoa.framework in Frameworks */ = {isa = PBXBuildFile; fileRef = 1058C7A1FEA54F0111CA2CBB /* Cocoa.framework */; };
/* End PBXBuildFile section */

/* Begin PBXCopyFilesBuildPhase section */
		7FF293390FFC2ADF000A1604 /* CopyFiles */ = {
			isa = PBXCopyFilesBuildPhase;
			buildActionMask = 2147483647;
			dstPath = "";
			dstSubfolderSpec = 10;
			files = (
				7FF293400FFC2AF5000A1604 /* Sparkle.framework in CopyFiles */,
			);
			runOnlyForDeploymentPostprocessing = 0;
		};
/* End PBXCopyFilesBuildPhase section */

/* Begin PBXFileReference section */
		089C165DFE840E0CC02AAC07 /* English */ = {isa = PBXFileReference; fileEncoding = 10; lastKnownFileType = text.plist.strings; name = English; path = English.lproj/InfoPlist.strings; sourceTree = "<group>"; };
		1058C7A1FEA54F0111CA2CBB /* Cocoa.framework */ = {isa = PBXFileReference; lastKnownFileType = wrapper.framework; name = Cocoa.framework; path = /System/Library/Frameworks/Cocoa.framework; sourceTree = "<absolute>"; };
		13E42FB307B3F0F600E4EEF1 /* CoreData.framework */ = {isa = PBXFileReference; lastKnownFileType = wrapper.framework; name = CoreData.framework; path = /System/Library/Frameworks/CoreData.framework; sourceTree = "<absolute>"; };
		1DDD58150DA1D0A300B32029 /* English */ = {isa = PBXFileReference; lastKnownFileType = file.xib; name = English; path = English.lproj/MainMenu.xib; sourceTree = "<group>"; };
		29B97316FDCFA39411CA2CEA /* main.m */ = {isa = PBXFileReference; fileEncoding = 4; lastKnownFileType = sourcecode.c.objc; path = main.m; sourceTree = "<group>"; };
		29B97324FDCFA39411CA2CEA /* AppKit.framework */ = {isa = PBXFileReference; lastKnownFileType = wrapper.framework; name = AppKit.framework; path = /System/Library/Frameworks/AppKit.framework; sourceTree = "<absolute>"; };
		29B97325FDCFA39411CA2CEA /* Foundation.framework */ = {isa = PBXFileReference; lastKnownFileType = wrapper.framework; name = Foundation.framework; path = /System/Library/Frameworks/Foundation.framework; sourceTree = "<absolute>"; };
		7F5E49F81002C1A30049E0F5 /* NSDictionary+Networks.h */ = {isa = PBXFileReference; fileEncoding = 4; lastKnownFileType = sourcecode.c.h; path = "NSDictionary+Networks.h"; sourceTree = "<group>"; };
		7F5E49F91002C1A30049E0F5 /* NSDictionary+Networks.m */ = {isa = PBXFileReference; fileEncoding = 4; lastKnownFileType = sourcecode.c.objc; path = "NSDictionary+Networks.m"; sourceTree = "<group>"; };
		7FE5F9350FFD421700879CC4 /* LoginItemsAE.c */ = {isa = PBXFileReference; fileEncoding = 4; lastKnownFileType = sourcecode.c.c; path = LoginItemsAE.c; sourceTree = "<group>"; };
		7FE5F9360FFD421700879CC4 /* LoginItemsAE.h */ = {isa = PBXFileReference; fileEncoding = 4; lastKnownFileType = sourcecode.c.h; path = LoginItemsAE.h; sourceTree = "<group>"; };
		7FE5F9370FFD421700879CC4 /* OpenDNS Updater_Prefix.pch */ = {isa = PBXFileReference; fileEncoding = 4; lastKnownFileType = sourcecode.c.h; path = "OpenDNS Updater_Prefix.pch"; sourceTree = "<group>"; };
		7FF292FE0FFC29DD000A1604 /* ApiKey.h */ = {isa = PBXFileReference; fileEncoding = 4; lastKnownFileType = sourcecode.c.h; path = ApiKey.h; sourceTree = "<group>"; };
		7FF292FF0FFC29DD000A1604 /* AppController.h */ = {isa = PBXFileReference; fileEncoding = 4; lastKnownFileType = sourcecode.c.h; path = AppController.h; sourceTree = "<group>"; };
		7FF293000FFC29DD000A1604 /* AppController.m */ = {isa = PBXFileReference; fileEncoding = 4; lastKnownFileType = sourcecode.c.objc; path = AppController.m; sourceTree = "<group>"; wrapsLines = 1; };
		7FF293020FFC29F1000A1604 /* notes.txt */ = {isa = PBXFileReference; fileEncoding = 4; lastKnownFileType = text; path = notes.txt; sourceTree = "<group>"; };
		7FF293040FFC29FC000A1604 /* menuicon.tif */ = {isa = PBXFileReference; lastKnownFileType = image.tiff; path = menuicon.tif; sourceTree = "<group>"; };
		7FF293060FFC2A04000A1604 /* opendns.icns */ = {isa = PBXFileReference; lastKnownFileType = image.icns; path = opendns.icns; sourceTree = "<group>"; };
		7FF293090FFC2A15000A1604 /* JSON.h */ = {isa = PBXFileReference; fileEncoding = 4; lastKnownFileType = sourcecode.c.h; path = JSON.h; sourceTree = "<group>"; };
		7FF2930A0FFC2A15000A1604 /* NSObject+SBJSON.h */ = {isa = PBXFileReference; fileEncoding = 4; lastKnownFileType = sourcecode.c.h; path = "NSObject+SBJSON.h"; sourceTree = "<group>"; };
		7FF2930B0FFC2A15000A1604 /* NSObject+SBJSON.m */ = {isa = PBXFileReference; fileEncoding = 4; lastKnownFileType = sourcecode.c.objc; path = "NSObject+SBJSON.m"; sourceTree = "<group>"; };
		7FF2930C0FFC2A15000A1604 /* NSString+SBJSON.h */ = {isa = PBXFileReference; fileEncoding = 4; lastKnownFileType = sourcecode.c.h; path = "NSString+SBJSON.h"; sourceTree = "<group>"; };
		7FF2930D0FFC2A15000A1604 /* NSString+SBJSON.m */ = {isa = PBXFileReference; fileEncoding = 4; lastKnownFileType = sourcecode.c.objc; path = "NSString+SBJSON.m"; sourceTree = "<group>"; };
		7FF2930E0FFC2A15000A1604 /* SBJSON.h */ = {isa = PBXFileReference; fileEncoding = 4; lastKnownFileType = sourcecode.c.h; path = SBJSON.h; sourceTree = "<group>"; };
		7FF2930F0FFC2A15000A1604 /* SBJSON.m */ = {isa = PBXFileReference; fileEncoding = 4; lastKnownFileType = sourcecode.c.objc; path = SBJSON.m; sourceTree = "<group>"; };
		7FF293100FFC2A15000A1604 /* SBJsonBase.h */ = {isa = PBXFileReference; fileEncoding = 4; lastKnownFileType = sourcecode.c.h; path = SBJsonBase.h; sourceTree = "<group>"; };
		7FF293110FFC2A15000A1604 /* SBJsonBase.m */ = {isa = PBXFileReference; fileEncoding = 4; lastKnownFileType = sourcecode.c.objc; path = SBJsonBase.m; sourceTree = "<group>"; };
		7FF293120FFC2A15000A1604 /* SBJsonParser.h */ = {isa = PBXFileReference; fileEncoding = 4; lastKnownFileType = sourcecode.c.h; path = SBJsonParser.h; sourceTree = "<group>"; };
		7FF293130FFC2A15000A1604 /* SBJsonParser.m */ = {isa = PBXFileReference; fileEncoding = 4; lastKnownFileType = sourcecode.c.objc; path = SBJsonParser.m; sourceTree = "<group>"; };
		7FF293140FFC2A15000A1604 /* SBJsonWriter.h */ = {isa = PBXFileReference; fileEncoding = 4; lastKnownFileType = sourcecode.c.h; path = SBJsonWriter.h; sourceTree = "<group>"; };
		7FF293150FFC2A15000A1604 /* SBJsonWriter.m */ = {isa = PBXFileReference; fileEncoding = 4; lastKnownFileType = sourcecode.c.objc; path = SBJsonWriter.m; sourceTree = "<group>"; };
		7FF2931D0FFC2A20000A1604 /* GDataDefines.h */ = {isa = PBXFileReference; fileEncoding = 4; lastKnownFileType = sourcecode.c.h; path = GDataDefines.h; sourceTree = "<group>"; };
		7FF2931F0FFC2A20000A1604 /* GDataHTTPFetcher.h */ = {isa = PBXFileReference; fileEncoding = 4; lastKnownFileType = sourcecode.c.h; path = GDataHTTPFetcher.h; sourceTree = "<group>"; };
		7FF293200FFC2A20000A1604 /* GDataHTTPFetcher.m */ = {isa = PBXFileReference; fileEncoding = 4; lastKnownFileType = sourcecode.c.objc; path = GDataHTTPFetcher.m; sourceTree = "<group>"; };
		7FF293210FFC2A20000A1604 /* GDataHTTPFetcherLogging.h */ = {isa = PBXFileReference; fileEncoding = 4; lastKnownFileType = sourcecode.c.h; path = GDataHTTPFetcherLogging.h; sourceTree = "<group>"; };
		7FF293220FFC2A20000A1604 /* GDataHTTPFetcherLogging.m */ = {isa = PBXFileReference; fileEncoding = 4; lastKnownFileType = sourcecode.c.objc; path = GDataHTTPFetcherLogging.m; sourceTree = "<group>"; };
		7FF293320FFC2AC2000A1604 /* Sparkle.framework */ = {isa = PBXFileReference; lastKnownFileType = wrapper.framework; path = Sparkle.framework; sourceTree = "<group>"; };
		8D1107310486CEB800E47090 /* Info.plist */ = {isa = PBXFileReference; fileEncoding = 4; lastKnownFileType = text.plist.xml; path = Info.plist; sourceTree = "<group>"; };
		8D1107320486CEB800E47090 /* OpenDNS Updater.app */ = {isa = PBXFileReference; explicitFileType = wrapper.application; includeInIndex = 0; path = "OpenDNS Updater.app"; sourceTree = BUILT_PRODUCTS_DIR; };
/* End PBXFileReference section */

/* Begin PBXFrameworksBuildPhase section */
		8D11072E0486CEB800E47090 /* Frameworks */ = {
			isa = PBXFrameworksBuildPhase;
			buildActionMask = 2147483647;
			files = (
				8D11072F0486CEB800E47090 /* Cocoa.framework in Frameworks */,
				7FF293330FFC2AC2000A1604 /* Sparkle.framework in Frameworks */,
			);
			runOnlyForDeploymentPostprocessing = 0;
		};
/* End PBXFrameworksBuildPhase section */

/* Begin PBXGroup section */
		080E96DDFE201D6D7F000001 /* Classes */ = {
			isa = PBXGroup;
			children = (
				7F5E49F81002C1A30049E0F5 /* NSDictionary+Networks.h */,
				7F5E49F91002C1A30049E0F5 /* NSDictionary+Networks.m */,
				7FF292FE0FFC29DD000A1604 /* ApiKey.h */,
				7FF292FF0FFC29DD000A1604 /* AppController.h */,
				7FF293000FFC29DD000A1604 /* AppController.m */,
			);
			name = Classes;
			sourceTree = "<group>";
		};
		1058C7A0FEA54F0111CA2CBB /* Linked Frameworks */ = {
			isa = PBXGroup;
			children = (
				7FF293320FFC2AC2000A1604 /* Sparkle.framework */,
				1058C7A1FEA54F0111CA2CBB /* Cocoa.framework */,
			);
			name = "Linked Frameworks";
			sourceTree = "<group>";
		};
		1058C7A2FEA54F0111CA2CBB /* Other Frameworks */ = {
			isa = PBXGroup;
			children = (
				29B97324FDCFA39411CA2CEA /* AppKit.framework */,
				13E42FB307B3F0F600E4EEF1 /* CoreData.framework */,
				29B97325FDCFA39411CA2CEA /* Foundation.framework */,
			);
			name = "Other Frameworks";
			sourceTree = "<group>";
		};
		19C28FACFE9D520D11CA2CBB /* Products */ = {
			isa = PBXGroup;
			children = (
				8D1107320486CEB800E47090 /* OpenDNS Updater.app */,
			);
			name = Products;
			sourceTree = "<group>";
		};
		29B97314FDCFA39411CA2CEA /* OpenDNS Updater2 */ = {
			isa = PBXGroup;
			children = (
				7FF2931C0FFC2A20000A1604 /* gdata-objectivec */,
				7FF293080FFC2A15000A1604 /* json */,
				080E96DDFE201D6D7F000001 /* Classes */,
				29B97315FDCFA39411CA2CEA /* Other Sources */,
				29B97317FDCFA39411CA2CEA /* Resources */,
				29B97323FDCFA39411CA2CEA /* Frameworks */,
				19C28FACFE9D520D11CA2CBB /* Products */,
			);
			name = "OpenDNS Updater2";
			sourceTree = "<group>";
		};
		29B97315FDCFA39411CA2CEA /* Other Sources */ = {
			isa = PBXGroup;
			children = (
				7FE5F9350FFD421700879CC4 /* LoginItemsAE.c */,
				7FE5F9360FFD421700879CC4 /* LoginItemsAE.h */,
				7FE5F9370FFD421700879CC4 /* OpenDNS Updater_Prefix.pch */,
				29B97316FDCFA39411CA2CEA /* main.m */,
			);
			name = "Other Sources";
			sourceTree = "<group>";
		};
		29B97317FDCFA39411CA2CEA /* Resources */ = {
			isa = PBXGroup;
			children = (
				7FF293060FFC2A04000A1604 /* opendns.icns */,
				7FF293040FFC29FC000A1604 /* menuicon.tif */,
				7FF293020FFC29F1000A1604 /* notes.txt */,
				8D1107310486CEB800E47090 /* Info.plist */,
				089C165CFE840E0CC02AAC07 /* InfoPlist.strings */,
				1DDD58140DA1D0A300B32029 /* MainMenu.xib */,
			);
			name = Resources;
			sourceTree = "<group>";
		};
		29B97323FDCFA39411CA2CEA /* Frameworks */ = {
			isa = PBXGroup;
			children = (
				1058C7A0FEA54F0111CA2CBB /* Linked Frameworks */,
				1058C7A2FEA54F0111CA2CBB /* Other Frameworks */,
			);
			name = Frameworks;
			sourceTree = "<group>";
		};
		7FF293080FFC2A15000A1604 /* json */ = {
			isa = PBXGroup;
			children = (
				7FF293090FFC2A15000A1604 /* JSON.h */,
				7FF2930A0FFC2A15000A1604 /* NSObject+SBJSON.h */,
				7FF2930B0FFC2A15000A1604 /* NSObject+SBJSON.m */,
				7FF2930C0FFC2A15000A1604 /* NSString+SBJSON.h */,
				7FF2930D0FFC2A15000A1604 /* NSString+SBJSON.m */,
				7FF2930E0FFC2A15000A1604 /* SBJSON.h */,
				7FF2930F0FFC2A15000A1604 /* SBJSON.m */,
				7FF293100FFC2A15000A1604 /* SBJsonBase.h */,
				7FF293110FFC2A15000A1604 /* SBJsonBase.m */,
				7FF293120FFC2A15000A1604 /* SBJsonParser.h */,
				7FF293130FFC2A15000A1604 /* SBJsonParser.m */,
				7FF293140FFC2A15000A1604 /* SBJsonWriter.h */,
				7FF293150FFC2A15000A1604 /* SBJsonWriter.m */,
			);
			path = json;
			sourceTree = "<group>";
		};
		7FF2931C0FFC2A20000A1604 /* gdata-objectivec */ = {
			isa = PBXGroup;
			children = (
				7FF2931D0FFC2A20000A1604 /* GDataDefines.h */,
				7FF2931E0FFC2A20000A1604 /* Networking */,
			);
			path = "gdata-objectivec";
			sourceTree = "<group>";
		};
		7FF2931E0FFC2A20000A1604 /* Networking */ = {
			isa = PBXGroup;
			children = (
				7FF2931F0FFC2A20000A1604 /* GDataHTTPFetcher.h */,
				7FF293200FFC2A20000A1604 /* GDataHTTPFetcher.m */,
				7FF293210FFC2A20000A1604 /* GDataHTTPFetcherLogging.h */,
				7FF293220FFC2A20000A1604 /* GDataHTTPFetcherLogging.m */,
			);
			path = Networking;
			sourceTree = "<group>";
		};
/* End PBXGroup section */

/* Begin PBXNativeTarget section */
		8D1107260486CEB800E47090 /* OpenDNS Updater */ = {
			isa = PBXNativeTarget;
			buildConfigurationList = C01FCF4A08A954540054247B /* Build configuration list for PBXNativeTarget "OpenDNS Updater" */;
			buildPhases = (
				8D1107290486CEB800E47090 /* Resources */,
				8D11072C0486CEB800E47090 /* Sources */,
				8D11072E0486CEB800E47090 /* Frameworks */,
				7FF293390FFC2ADF000A1604 /* CopyFiles */,
			);
			buildRules = (
			);
			dependencies = (
			);
			name = "OpenDNS Updater";
			productInstallPath = "$(HOME)/Applications";
			productName = "OpenDNS Updater2";
			productReference = 8D1107320486CEB800E47090 /* OpenDNS Updater.app */;
			productType = "com.apple.product-type.application";
		};
/* End PBXNativeTarget section */

/* Begin PBXProject section */
		29B97313FDCFA39411CA2CEA /* Project object */ = {
			isa = PBXProject;
			buildConfigurationList = C01FCF4E08A954540054247B /* Build configuration list for PBXProject "OpenDNS Updater" */;
			compatibilityVersion = "Xcode 3.1";
			hasScannedForEncodings = 1;
			mainGroup = 29B97314FDCFA39411CA2CEA /* OpenDNS Updater2 */;
			projectDirPath = "";
			projectRoot = "";
			targets = (
				8D1107260486CEB800E47090 /* OpenDNS Updater */,
			);
		};
/* End PBXProject section */

/* Begin PBXResourcesBuildPhase section */
		8D1107290486CEB800E47090 /* Resources */ = {
			isa = PBXResourcesBuildPhase;
			buildActionMask = 2147483647;
			files = (
				8D11072B0486CEB800E47090 /* InfoPlist.strings in Resources */,
				1DDD58160DA1D0A300B32029 /* MainMenu.xib in Resources */,
				7FF293030FFC29F1000A1604 /* notes.txt in Resources */,
				7FF293050FFC29FC000A1604 /* menuicon.tif in Resources */,
				7FF293070FFC2A04000A1604 /* opendns.icns in Resources */,
			);
			runOnlyForDeploymentPostprocessing = 0;
		};
/* End PBXResourcesBuildPhase section */

/* Begin PBXSourcesBuildPhase section */
		8D11072C0486CEB800E47090 /* Sources */ = {
			isa = PBXSourcesBuildPhase;
			buildActionMask = 2147483647;
			files = (
				8D11072D0486CEB800E47090 /* main.m in Sources */,
				7FF293010FFC29DD000A1604 /* AppController.m in Sources */,
				7FF293160FFC2A15000A1604 /* NSObject+SBJSON.m in Sources */,
				7FF293170FFC2A15000A1604 /* NSString+SBJSON.m in Sources */,
				7FF293180FFC2A15000A1604 /* SBJSON.m in Sources */,
				7FF293190FFC2A15000A1604 /* SBJsonBase.m in Sources */,
				7FF2931A0FFC2A15000A1604 /* SBJsonParser.m in Sources */,
				7FF2931B0FFC2A15000A1604 /* SBJsonWriter.m in Sources */,
				7FF293230FFC2A20000A1604 /* GDataHTTPFetcher.m in Sources */,
				7FF293240FFC2A20000A1604 /* GDataHTTPFetcherLogging.m in Sources */,
				7FE5F9380FFD421700879CC4 /* LoginItemsAE.c in Sources */,
				7F5E49FA1002C1A30049E0F5 /* NSDictionary+Networks.m in Sources */,
			);
			runOnlyForDeploymentPostprocessing = 0;
		};
/* End PBXSourcesBuildPhase section */

/* Begin PBXVariantGroup section */
		089C165CFE840E0CC02AAC07 /* InfoPlist.strings */ = {
			isa = PBXVariantGroup;
			children = (
				089C165DFE840E0CC02AAC07 /* English */,
			);
			name = InfoPlist.strings;
			sourceTree = "<group>";
		};
		1DDD58140DA1D0A300B32029 /* MainMenu.xib */ = {
			isa = PBXVariantGroup;
			children = (
				1DDD58150DA1D0A300B32029 /* English */,
			);
			name = MainMenu.xib;
			sourceTree = "<group>";
		};
/* End PBXVariantGroup section */

/* Begin XCBuildConfiguration section */
		C01FCF4B08A954540054247B /* Debug */ = {
			isa = XCBuildConfiguration;
			buildSettings = {
				ALWAYS_SEARCH_USER_PATHS = NO;
				COPY_PHASE_STRIP = NO;
				FRAMEWORK_SEARCH_PATHS = (
					"$(inherited)",
					"\"$(SRCROOT)\"",
				);
				GCC_DYNAMIC_NO_PIC = NO;
				GCC_ENABLE_FIX_AND_CONTINUE = YES;
				GCC_MODEL_TUNING = G5;
				GCC_OPTIMIZATION_LEVEL = 0;
				GCC_PRECOMPILE_PREFIX_HEADER = YES;
				GCC_PREFIX_HEADER = "OpenDNS Updater_Prefix.pch";
				INFOPLIST_FILE = Info.plist;
				INSTALL_PATH = "$(HOME)/Applications";
				PRODUCT_NAME = "OpenDNS Updater";
			};
			name = Debug;
		};
		C01FCF4C08A954540054247B /* Release */ = {
			isa = XCBuildConfiguration;
			buildSettings = {
				ALWAYS_SEARCH_USER_PATHS = NO;
				DEBUG_INFORMATION_FORMAT = "dwarf-with-dsym";
				FRAMEWORK_SEARCH_PATHS = (
					"$(inherited)",
					"\"$(SRCROOT)\"",
				);
				GCC_MODEL_TUNING = G5;
				GCC_PRECOMPILE_PREFIX_HEADER = YES;
				GCC_PREFIX_HEADER = "OpenDNS Updater_Prefix.pch";
				INFOPLIST_FILE = Info.plist;
				INSTALL_PATH = "$(HOME)/Applications";
				PRODUCT_NAME = "OpenDNS Updater";
			};
			name = Release;
		};
		C01FCF4F08A954540054247B /* Debug */ = {
			isa = XCBuildConfiguration;
			buildSettings = {
				ARCHS = "$(ARCHS_STANDARD_32_BIT)";
				COPY_PHASE_STRIP = NO;
				DEBUG_INFORMATION_FORMAT = "dwarf-with-dsym";
				DEPLOYMENT_POSTPROCESSING = YES;
				GCC_C_LANGUAGE_STANDARD = c99;
				GCC_OPTIMIZATION_LEVEL = 0;
				GCC_PREPROCESSOR_DEFINITIONS = "STRIP_GDATA_FETCH_LOGGING=1";
				GCC_WARN_ABOUT_RETURN_TYPE = YES;
				GCC_WARN_UNUSED_VARIABLE = YES;
				ONLY_ACTIVE_ARCH = YES;
				PREBINDING = NO;
				SDKROOT = macosx10.4;
				SEPARATE_STRIP = YES;
			};
			name = Debug;
		};
		C01FCF5008A954540054247B /* Release */ = {
			isa = XCBuildConfiguration;
			buildSettings = {
				ARCHS = "$(ARCHS_STANDARD_32_BIT)";
				COPY_PHASE_STRIP = NO;
				DEBUG_INFORMATION_FORMAT = "dwarf-with-dsym";
				DEPLOYMENT_POSTPROCESSING = YES;
				GCC_C_LANGUAGE_STANDARD = c99;
				GCC_PREPROCESSOR_DEFINITIONS = "STRIP_GDATA_FETCH_LOGGING=1";
				GCC_WARN_ABOUT_RETURN_TYPE = YES;
				GCC_WARN_UNUSED_VARIABLE = YES;
				PREBINDING = NO;
				SDKROOT = macosx10.4;
				SEPARATE_STRIP = YES;
			};
			name = Release;
		};
/* End XCBuildConfiguration section */

/* Begin XCConfigurationList section */
		C01FCF4A08A954540054247B /* Build configuration list for PBXNativeTarget "OpenDNS Updater" */ = {
			isa = XCConfigurationList;
			buildConfigurations = (
				C01FCF4B08A954540054247B /* Debug */,
				C01FCF4C08A954540054247B /* Release */,
			);
			defaultConfigurationIsVisible = 0;
			defaultConfigurationName = Release;
		};
		C01FCF4E08A954540054247B /* Build configuration list for PBXProject "OpenDNS Updater" */ = {
			isa = XCConfigurationList;
			buildConfigurations = (
				C01FCF4F08A954540054247B /* Debug */,
				C01FCF5008A954540054247B /* Release */,
			);
			defaultConfigurationIsVisible = 0;
			defaultConfigurationName = Release;
		};
/* End XCConfigurationList section */
	};
	rootObject = 29B97313FDCFA39411CA2CEA /* Project object */;
}
